
Microsoft Visual Studio Solution File, Format Version 12.00
# Visual Studio Version 17
VisualStudioVersion = 17.0.31903.59
MinimumVisualStudioVersion = 10.0.40219.1
Project("{2150E333-8FDC-42A3-9474-1A3956D46DE8}") = "src", "src", "{B9807B2E-4288-453B-8157-BC3439372CDC}"
EndProject
Project("{FAE04EC0-301F-11D3-BF4B-00C04F79EFBC}") = "ScreenAudioRouter", "src\ScreenAudioRouter\ScreenAudioRouter.csproj", "{78EA4B5E-B61D-43FD-B809-A264C5DA5DE1}"
EndProject
Global
	GlobalSection(SolutionConfigurationPlatforms) = preSolution
		Debug|Any CPU = Debug|Any CPU
		Release|Any CPU = Release|Any CPU
	EndGlobalSection
	GlobalSection(SolutionProperties) = preSolution
		HideSolutionNode = FALSE
	EndGlobalSection
	GlobalSection(ProjectConfigurationPlatforms) = postSolution
		{78EA4B5E-B61D-43FD-B809-A264C5DA5DE1}.Debug|Any CPU.ActiveCfg = Debug|Any CPU
		{78EA4B5E-B61D-43FD-B809-A264C5DA5DE1}.Debug|Any CPU.Build.0 = Debug|Any CPU
		{78EA4B5E-B61D-43FD-B809-A264C5DA5DE1}.Release|Any CPU.ActiveCfg = Release|Any CPU
		{78EA4B5E-B61D-43FD-B809-A264C5DA5DE1}.Release|Any CPU.Build.0 = Release|Any CPU
	EndGlobalSection
	GlobalSection(NestedProjects) = preSolution
		{78EA4B5E-B61D-43FD-B809-A264C5DA5DE1} = {B9807B2E-4288-453B-8157-BC3439372CDC}
	EndGlobalSection
EndGlobal
